// !$*UTF8*$!
{
	archiveVersion = 1;
	classes = {
	};
	objectVersion = 50;
	objects = {

/* Begin PBXBuildFile section */
		B3CBF5D52213529200B78AB6 /* AppDelegate.swift in Sources */ = {isa = PBXBuildFile; fileRef = B3CBF5D42213529200B78AB6 /* AppDelegate.swift */; };
		B3CBF5D72213529200B78AB6 /* ViewController.swift in Sources */ = {isa = PBXBuildFile; fileRef = B3CBF5D62213529200B78AB6 /* ViewController.swift */; };
		B3CBF5DA2213529200B78AB6 /* Main.storyboard in Resources */ = {isa = PBXBuildFile; fileRef = B3CBF5D82213529200B78AB6 /* Main.storyboard */; };
		B3CBF5DC2213529300B78AB6 /* Assets.xcassets in Resources */ = {isa = PBXBuildFile; fileRef = B3CBF5DB2213529300B78AB6 /* Assets.xcassets */; };
		B3CBF5DF2213529300B78AB6 /* LaunchScreen.storyboard in Resources */ = {isa = PBXBuildFile; fileRef = B3CBF5DD2213529300B78AB6 /* LaunchScreen.storyboard */; };
		B3CBF5EA2213529300B78AB6 /* MasterToasterTests.swift in Sources */ = {isa = PBXBuildFile; fileRef = B3CBF5E92213529300B78AB6 /* MasterToasterTests.swift */; };
		B3CBF5F52213529300B78AB6 /* MasterToasterUITests.swift in Sources */ = {isa = PBXBuildFile; fileRef = B3CBF5F42213529300B78AB6 /* MasterToasterUITests.swift */; };
/* End PBXBuildFile section */

/* Begin PBXContainerItemProxy section */
		B3CBF5E62213529300B78AB6 /* PBXContainerItemProxy */ = {
			isa = PBXContainerItemProxy;
			containerPortal = B3CBF5C92213529200B78AB6 /* Project object */;
			proxyType = 1;
			remoteGlobalIDString = B3CBF5D02213529200B78AB6;
			remoteInfo = MasterToaster;
		};
		B3CBF5F12213529300B78AB6 /* PBXContainerItemProxy */ = {
			isa = PBXContainerItemProxy;
			containerPortal = B3CBF5C92213529200B78AB6 /* Project object */;
			proxyType = 1;
			remoteGlobalIDString = B3CBF5D02213529200B78AB6;
			remoteInfo = MasterToaster;
		};
/* End PBXContainerItemProxy section */

/* Begin PBXFileReference section */
		B3CBF5D12213529200B78AB6 /* MasterToaster.app */ = {isa = PBXFileReference; explicitFileType = wrapper.application; includeInIndex = 0; path = MasterToaster.app; sourceTree = BUILT_PRODUCTS_DIR; };
		B3CBF5D42213529200B78AB6 /* AppDelegate.swift */ = {isa = PBXFileReference; lastKnownFileType = sourcecode.swift; path = AppDelegate.swift; sourceTree = "<group>"; };
		B3CBF5D62213529200B78AB6 /* ViewController.swift */ = {isa = PBXFileReference; lastKnownFileType = sourcecode.swift; path = ViewController.swift; sourceTree = "<group>"; };
		B3CBF5D92213529200B78AB6 /* Base */ = {isa = PBXFileReference; lastKnownFileType = file.storyboard; name = Base; path = Base.lproj/Main.storyboard; sourceTree = "<group>"; };
		B3CBF5DB2213529300B78AB6 /* Assets.xcassets */ = {isa = PBXFileReference; lastKnownFileType = folder.assetcatalog; path = Assets.xcassets; sourceTree = "<group>"; };
		B3CBF5DE2213529300B78AB6 /* Base */ = {isa = PBXFileReference; lastKnownFileType = file.storyboard; name = Base; path = Base.lproj/LaunchScreen.storyboard; sourceTree = "<group>"; };
		B3CBF5E02213529300B78AB6 /* Info.plist */ = {isa = PBXFileReference; lastKnownFileType = text.plist.xml; path = Info.plist; sourceTree = "<group>"; };
		B3CBF5E52213529300B78AB6 /* MasterToasterTests.xctest */ = {isa = PBXFileReference; explicitFileType = wrapper.cfbundle; includeInIndex = 0; path = MasterToasterTests.xctest; sourceTree = BUILT_PRODUCTS_DIR; };
		B3CBF5E92213529300B78AB6 /* MasterToasterTests.swift */ = {isa = PBXFileReference; lastKnownFileType = sourcecode.swift; path = MasterToasterTests.swift; sourceTree = "<group>"; };
		B3CBF5EB2213529300B78AB6 /* Info.plist */ = {isa = PBXFileReference; lastKnownFileType = text.plist.xml; path = Info.plist; sourceTree = "<group>"; };
		B3CBF5F02213529300B78AB6 /* MasterToasterUITests.xctest */ = {isa = PBXFileReference; explicitFileType = wrapper.cfbundle; includeInIndex = 0; path = MasterToasterUITests.xctest; sourceTree = BUILT_PRODUCTS_DIR; };
		B3CBF5F42213529300B78AB6 /* MasterToasterUITests.swift */ = {isa = PBXFileReference; lastKnownFileType = sourcecode.swift; path = MasterToasterUITests.swift; sourceTree = "<group>"; };
		B3CBF5F62213529300B78AB6 /* Info.plist */ = {isa = PBXFileReference; lastKnownFileType = text.plist.xml; path = Info.plist; sourceTree = "<group>"; };
/* End PBXFileReference section */

/* Begin PBXFrameworksBuildPhase section */
		B3CBF5CE2213529200B78AB6 /* Frameworks */ = {
			isa = PBXFrameworksBuildPhase;
			buildActionMask = 2147483647;
			files = (
			);
			runOnlyForDeploymentPostprocessing = 0;
		};
		B3CBF5E22213529300B78AB6 /* Frameworks */ = {
			isa = PBXFrameworksBuildPhase;
			buildActionMask = 2147483647;
			files = (
			);
			runOnlyForDeploymentPostprocessing = 0;
		};
		B3CBF5ED2213529300B78AB6 /* Frameworks */ = {
			isa = PBXFrameworksBuildPhase;
			buildActionMask = 2147483647;
			files = (
			);
			runOnlyForDeploymentPostprocessing = 0;
		};
/* End PBXFrameworksBuildPhase section */

/* Begin PBXGroup section */
		B3CBF5C82213529200B78AB6 = {
			isa = PBXGroup;
			children = (
				B3CBF5D32213529200B78AB6 /* MasterToaster */,
				B3CBF5E82213529300B78AB6 /* MasterToasterTests */,
				B3CBF5F32213529300B78AB6 /* MasterToasterUITests */,
				B3CBF5D22213529200B78AB6 /* Products */,
			);
			sourceTree = "<group>";
		};
		B3CBF5D22213529200B78AB6 /* Products */ = {
			isa = PBXGroup;
			children = (
				B3CBF5D12213529200B78AB6 /* MasterToaster.app */,
				B3CBF5E52213529300B78AB6 /* MasterToasterTests.xctest */,
				B3CBF5F02213529300B78AB6 /* MasterToasterUITests.xctest */,
			);
			name = Products;
			sourceTree = "<group>";
		};
		B3CBF5D32213529200B78AB6 /* MasterToaster */ = {
			isa = PBXGroup;
			children = (
				B3CBF5D42213529200B78AB6 /* AppDelegate.swift */,
				B3CBF5D62213529200B78AB6 /* ViewController.swift */,
				B3CBF5D82213529200B78AB6 /* Main.storyboard */,
				B3CBF5DB2213529300B78AB6 /* Assets.xcassets */,
				B3CBF5DD2213529300B78AB6 /* LaunchScreen.storyboard */,
				B3CBF5E02213529300B78AB6 /* Info.plist */,
			);
			path = MasterToaster;
			sourceTree = "<group>";
		};
		B3CBF5E82213529300B78AB6 /* MasterToasterTests */ = {
			isa = PBXGroup;
			children = (
				B3CBF5E92213529300B78AB6 /* MasterToasterTests.swift */,
				B3CBF5EB2213529300B78AB6 /* Info.plist */,
			);
			path = MasterToasterTests;
			sourceTree = "<group>";
		};
		B3CBF5F32213529300B78AB6 /* MasterToasterUITests */ = {
			isa = PBXGroup;
			children = (
				B3CBF5F42213529300B78AB6 /* MasterToasterUITests.swift */,
				B3CBF5F62213529300B78AB6 /* Info.plist */,
			);
			path = MasterToasterUITests;
			sourceTree = "<group>";
		};
/* End PBXGroup section */

/* Begin PBXNativeTarget section */
		B3CBF5D02213529200B78AB6 /* MasterToaster */ = {
			isa = PBXNativeTarget;
			buildConfigurationList = B3CBF5F92213529300B78AB6 /* Build configuration list for PBXNativeTarget "MasterToaster" */;
			buildPhases = (
				B3CBF5CD2213529200B78AB6 /* Sources */,
				B3CBF5CE2213529200B78AB6 /* Frameworks */,
				B3CBF5CF2213529200B78AB6 /* Resources */,
			);
			buildRules = (
			);
			dependencies = (
			);
			name = MasterToaster;
			productName = MasterToaster;
			productReference = B3CBF5D12213529200B78AB6 /* MasterToaster.app */;
			productType = "com.apple.product-type.application";
		};
		B3CBF5E42213529300B78AB6 /* MasterToasterTests */ = {
			isa = PBXNativeTarget;
			buildConfigurationList = B3CBF5FC2213529300B78AB6 /* Build configuration list for PBXNativeTarget "MasterToasterTests" */;
			buildPhases = (
				B3CBF5E12213529300B78AB6 /* Sources */,
				B3CBF5E22213529300B78AB6 /* Frameworks */,
				B3CBF5E32213529300B78AB6 /* Resources */,
			);
			buildRules = (
			);
			dependencies = (
				B3CBF5E72213529300B78AB6 /* PBXTargetDependency */,
			);
			name = MasterToasterTests;
			productName = MasterToasterTests;
			productReference = B3CBF5E52213529300B78AB6 /* MasterToasterTests.xctest */;
			productType = "com.apple.product-type.bundle.unit-test";
		};
		B3CBF5EF2213529300B78AB6 /* MasterToasterUITests */ = {
			isa = PBXNativeTarget;
			buildConfigurationList = B3CBF5FF2213529300B78AB6 /* Build configuration list for PBXNativeTarget "MasterToasterUITests" */;
			buildPhases = (
				B3CBF5EC2213529300B78AB6 /* Sources */,
				B3CBF5ED2213529300B78AB6 /* Frameworks */,
				B3CBF5EE2213529300B78AB6 /* Resources */,
			);
			buildRules = (
			);
			dependencies = (
				B3CBF5F22213529300B78AB6 /* PBXTargetDependency */,
			);
			name = MasterToasterUITests;
			productName = MasterToasterUITests;
			productReference = B3CBF5F02213529300B78AB6 /* MasterToasterUITests.xctest */;
			productType = "com.apple.product-type.bundle.ui-testing";
		};
/* End PBXNativeTarget section */

/* Begin PBXProject section */
		B3CBF5C92213529200B78AB6 /* Project object */ = {
			isa = PBXProject;
			attributes = {
				LastSwiftUpdateCheck = 1010;
				LastUpgradeCheck = 1010;
				ORGANIZATIONNAME = Turby_Turby;
				TargetAttributes = {
					B3CBF5D02213529200B78AB6 = {
						CreatedOnToolsVersion = 10.1;
					};
					B3CBF5E42213529300B78AB6 = {
						CreatedOnToolsVersion = 10.1;
						TestTargetID = B3CBF5D02213529200B78AB6;
					};
					B3CBF5EF2213529300B78AB6 = {
						CreatedOnToolsVersion = 10.1;
						TestTargetID = B3CBF5D02213529200B78AB6;
					};
				};
			};
			buildConfigurationList = B3CBF5CC2213529200B78AB6 /* Build configuration list for PBXProject "MasterToaster" */;
			compatibilityVersion = "Xcode 9.3";
			developmentRegion = en;
			hasScannedForEncodings = 0;
			knownRegions = (
				en,
				Base,
			);
			mainGroup = B3CBF5C82213529200B78AB6;
			productRefGroup = B3CBF5D22213529200B78AB6 /* Products */;
			projectDirPath = "";
			projectRoot = "";
			targets = (
				B3CBF5D02213529200B78AB6 /* MasterToaster */,
				B3CBF5E42213529300B78AB6 /* MasterToasterTests */,
				B3CBF5EF2213529300B78AB6 /* MasterToasterUITests */,
			);
		};
/* End PBXProject section */

/* Begin PBXResourcesBuildPhase section */
		B3CBF5CF2213529200B78AB6 /* Resources */ = {
			isa = PBXResourcesBuildPhase;
			buildActionMask = 2147483647;
			files = (
				B3CBF5DF2213529300B78AB6 /* LaunchScreen.storyboard in Resources */,
				B3CBF5DC2213529300B78AB6 /* Assets.xcassets in Resources */,
				B3CBF5DA2213529200B78AB6 /* Main.storyboard in Resources */,
			);
			runOnlyForDeploymentPostprocessing = 0;
		};
		B3CBF5E32213529300B78AB6 /* Resources */ = {
			isa = PBXResourcesBuildPhase;
			buildActionMask = 2147483647;
			files = (
			);
			runOnlyForDeploymentPostprocessing = 0;
		};
		B3CBF5EE2213529300B78AB6 /* Resources */ = {
			isa = PBXResourcesBuildPhase;
			buildActionMask = 2147483647;
			files = (
			);
			runOnlyForDeploymentPostprocessing = 0;
		};
/* End PBXResourcesBuildPhase section */

/* Begin PBXSourcesBuildPhase section */
		B3CBF5CD2213529200B78AB6 /* Sources */ = {
			isa = PBXSourcesBuildPhase;
			buildActionMask = 2147483647;
			files = (
				B3CBF5D72213529200B78AB6 /* ViewController.swift in Sources */,
				B3CBF5D52213529200B78AB6 /* AppDelegate.swift in Sources */,
			);
			runOnlyForDeploymentPostprocessing = 0;
		};
		B3CBF5E12213529300B78AB6 /* Sources */ = {
			isa = PBXSourcesBuildPhase;
			buildActionMask = 2147483647;
			files = (
				B3CBF5EA2213529300B78AB6 /* MasterToasterTests.swift in Sources */,
			);
			runOnlyForDeploymentPostprocessing = 0;
		};
		B3CBF5EC2213529300B78AB6 /* Sources */ = {
			isa = PBXSourcesBuildPhase;
			buildActionMask = 2147483647;
			files = (
				B3CBF5F52213529300B78AB6 /* MasterToasterUITests.swift in Sources */,
			);
			runOnlyForDeploymentPostprocessing = 0;
		};
/* End PBXSourcesBuildPhase section */

/* Begin PBXTargetDependency section */
		B3CBF5E72213529300B78AB6 /* PBXTargetDependency */ = {
			isa = PBXTargetDependency;
			target = B3CBF5D02213529200B78AB6 /* MasterToaster */;
			targetProxy = B3CBF5E62213529300B78AB6 /* PBXContainerItemProxy */;
		};
		B3CBF5F22213529300B78AB6 /* PBXTargetDependency */ = {
			isa = PBXTargetDependency;
			target = B3CBF5D02213529200B78AB6 /* MasterToaster */;
			targetProxy = B3CBF5F12213529300B78AB6 /* PBXContainerItemProxy */;
		};
/* End PBXTargetDependency section */

/* Begin PBXVariantGroup section */
		B3CBF5D82213529200B78AB6 /* Main.storyboard */ = {
			isa = PBXVariantGroup;
			children = (
				B3CBF5D92213529200B78AB6 /* Base */,
			);
			name = Main.storyboard;
			sourceTree = "<group>";
		};
		B3CBF5DD2213529300B78AB6 /* LaunchScreen.storyboard */ = {
			isa = PBXVariantGroup;
			children = (
				B3CBF5DE2213529300B78AB6 /* Base */,
			);
			name = LaunchScreen.storyboard;
			sourceTree = "<group>";
		};
/* End PBXVariantGroup section */

/* Begin XCBuildConfiguration section */
		B3CBF5F72213529300B78AB6 /* Debug */ = {
			isa = XCBuildConfiguration;
			buildSettings = {
				ALWAYS_SEARCH_USER_PATHS = NO;
				CLANG_ANALYZER_NONNULL = YES;
				CLANG_ANALYZER_NUMBER_OBJECT_CONVERSION = YES_AGGRESSIVE;
				CLANG_CXX_LANGUAGE_STANDARD = "gnu++14";
				CLANG_CXX_LIBRARY = "libc++";
				CLANG_ENABLE_MODULES = YES;
				CLANG_ENABLE_OBJC_ARC = YES;
				CLANG_ENABLE_OBJC_WEAK = YES;
				CLANG_WARN_BLOCK_CAPTURE_AUTORELEASING = YES;
				CLANG_WARN_BOOL_CONVERSION = YES;
				CLANG_WARN_COMMA = YES;
				CLANG_WARN_CONSTANT_CONVERSION = YES;
				CLANG_WARN_DEPRECATED_OBJC_IMPLEMENTATIONS = YES;
				CLANG_WARN_DIRECT_OBJC_ISA_USAGE = YES_ERROR;
				CLANG_WARN_DOCUMENTATION_COMMENTS = YES;
				CLANG_WARN_EMPTY_BODY = YES;
				CLANG_WARN_ENUM_CONVERSION = YES;
				CLANG_WARN_INFINITE_RECURSION = YES;
				CLANG_WARN_INT_CONVERSION = YES;
				CLANG_WARN_NON_LITERAL_NULL_CONVERSION = YES;
				CLANG_WARN_OBJC_IMPLICIT_RETAIN_SELF = YES;
				CLANG_WARN_OBJC_LITERAL_CONVERSION = YES;
				CLANG_WARN_OBJC_ROOT_CLASS = YES_ERROR;
				CLANG_WARN_RANGE_LOOP_ANALYSIS = YES;
				CLANG_WARN_STRICT_PROTOTYPES = YES;
				CLANG_WARN_SUSPICIOUS_MOVE = YES;
				CLANG_WARN_UNGUARDED_AVAILABILITY = YES_AGGRESSIVE;
				CLANG_WARN_UNREACHABLE_CODE = YES;
				CLANG_WARN__DUPLICATE_METHOD_MATCH = YES;
				CODE_SIGN_IDENTITY = "iPhone Developer";
				COPY_PHASE_STRIP = NO;
				DEBUG_INFORMATION_FORMAT = dwarf;
				ENABLE_STRICT_OBJC_MSGSEND = YES;
				ENABLE_TESTABILITY = YES;
				GCC_C_LANGUAGE_STANDARD = gnu11;
				GCC_DYNAMIC_NO_PIC = NO;
				GCC_NO_COMMON_BLOCKS = YES;
				GCC_OPTIMIZATION_LEVEL = 0;
				GCC_PREPROCESSOR_DEFINITIONS = (
					"DEBUG=1",
					"$(inherited)",
				);
				GCC_WARN_64_TO_32_BIT_CONVERSION = YES;
				GCC_WARN_ABOUT_RETURN_TYPE = YES_ERROR;
				GCC_WARN_UNDECLARED_SELECTOR = YES;
				GCC_WARN_UNINITIALIZED_AUTOS = YES_AGGRESSIVE;
				GCC_WARN_UNUSED_FUNCTION = YES;
				GCC_WARN_UNUSED_VARIABLE = YES;
				IPHONEOS_DEPLOYMENT_TARGET = 12.1;
				MTL_ENABLE_DEBUG_INFO = INCLUDE_SOURCE;
				MTL_FAST_MATH = YES;
				ONLY_ACTIVE_ARCH = YES;
				SDKROOT = iphoneos;
				SWIFT_ACTIVE_COMPILATION_CONDITIONS = DEBUG;
				SWIFT_OPTIMIZATION_LEVEL = "-Onone";
			};
			name = Debug;
		};
		B3CBF5F82213529300B78AB6 /* Release */ = {
			isa = XCBuildConfiguration;
			buildSettings = {
				ALWAYS_SEARCH_USER_PATHS = NO;
				CLANG_ANALYZER_NONNULL = YES;
				CLANG_ANALYZER_NUMBER_OBJECT_CONVERSION = YES_AGGRESSIVE;
				CLANG_CXX_LANGUAGE_STANDARD = "gnu++14";
				CLANG_CXX_LIBRARY = "libc++";
				CLANG_ENABLE_MODULES = YES;
				CLANG_ENABLE_OBJC_ARC = YES;
				CLANG_ENABLE_OBJC_WEAK = YES;
				CLANG_WARN_BLOCK_CAPTURE_AUTORELEASING = YES;
				CLANG_WARN_BOOL_CONVERSION = YES;
				CLANG_WARN_COMMA = YES;
				CLANG_WARN_CONSTANT_CONVERSION = YES;
				CLANG_WARN_DEPRECATED_OBJC_IMPLEMENTATIONS = YES;
				CLANG_WARN_DIRECT_OBJC_ISA_USAGE = YES_ERROR;
				CLANG_WARN_DOCUMENTATION_COMMENTS = YES;
				CLANG_WARN_EMPTY_BODY = YES;
				CLANG_WARN_ENUM_CONVERSION = YES;
				CLANG_WARN_INFINITE_RECURSION = YES;
				CLANG_WARN_INT_CONVERSION = YES;
				CLANG_WARN_NON_LITERAL_NULL_CONVERSION = YES;
				CLANG_WARN_OBJC_IMPLICIT_RETAIN_SELF = YES;
				CLANG_WARN_OBJC_LITERAL_CONVERSION = YES;
				CLANG_WARN_OBJC_ROOT_CLASS = YES_ERROR;
				CLANG_WARN_RANGE_LOOP_ANALYSIS = YES;
				CLANG_WARN_STRICT_PROTOTYPES = YES;
				CLANG_WARN_SUSPICIOUS_MOVE = YES;
				CLANG_WARN_UNGUARDED_AVAILABILITY = YES_AGGRESSIVE;
				CLANG_WARN_UNREACHABLE_CODE = YES;
				CLANG_WARN__DUPLICATE_METHOD_MATCH = YES;
				CODE_SIGN_IDENTITY = "iPhone Developer";
				COPY_PHASE_STRIP = NO;
				DEBUG_INFORMATION_FORMAT = "dwarf-with-dsym";
				ENABLE_NS_ASSERTIONS = NO;
				ENABLE_STRICT_OBJC_MSGSEND = YES;
				GCC_C_LANGUAGE_STANDARD = gnu11;
				GCC_NO_COMMON_BLOCKS = YES;
				GCC_WARN_64_TO_32_BIT_CONVERSION = YES;
				GCC_WARN_ABOUT_RETURN_TYPE = YES_ERROR;
				GCC_WARN_UNDECLARED_SELECTOR = YES;
				GCC_WARN_UNINITIALIZED_AUTOS = YES_AGGRESSIVE;
				GCC_WARN_UNUSED_FUNCTION = YES;
				GCC_WARN_UNUSED_VARIABLE = YES;
				IPHONEOS_DEPLOYMENT_TARGET = 12.1;
				MTL_ENABLE_DEBUG_INFO = NO;
				MTL_FAST_MATH = YES;
				SDKROOT = iphoneos;
				SWIFT_COMPILATION_MODE = wholemodule;
				SWIFT_OPTIMIZATION_LEVEL = "-O";
				VALIDATE_PRODUCT = YES;
			};
			name = Release;
		};
		B3CBF5FA2213529300B78AB6 /* Debug */ = {
			isa = XCBuildConfiguration;
			buildSettings = {
				ASSETCATALOG_COMPILER_APPICON_NAME = AppIcon;
				CODE_SIGN_STYLE = Automatic;
				INFOPLIST_FILE = MasterToaster/Info.plist;
				LD_RUNPATH_SEARCH_PATHS = (
					"$(inherited)",
					"@executable_path/Frameworks",
				);
				PRODUCT_BUNDLE_IDENTIFIER = "Turby-Turby.MasterToaster";
				PRODUCT_NAME = "$(TARGET_NAME)";
				SWIFT_VERSION = 4.2;
				TARGETED_DEVICE_FAMILY = "1,2";
			};
			name = Debug;
		};
		B3CBF5FB2213529300B78AB6 /* Release */ = {
			isa = XCBuildConfiguration;
			buildSettings = {
				ASSETCATALOG_COMPILER_APPICON_NAME = AppIcon;
				CODE_SIGN_STYLE = Automatic;
				INFOPLIST_FILE = MasterToaster/Info.plist;
				LD_RUNPATH_SEARCH_PATHS = (
					"$(inherited)",
					"@executable_path/Frameworks",
				);
				PRODUCT_BUNDLE_IDENTIFIER = "Turby-Turby.MasterToaster";
				PRODUCT_NAME = "$(TARGET_NAME)";
				SWIFT_VERSION = 4.2;
				TARGETED_DEVICE_FAMILY = "1,2";
			};
			name = Release;
		};
		B3CBF5FD2213529300B78AB6 /* Debug */ = {
			isa = XCBuildConfiguration;
			buildSettings = {
				ALWAYS_EMBED_SWIFT_STANDARD_LIBRARIES = YES;
				BUNDLE_LOADER = "$(TEST_HOST)";
				CODE_SIGN_STYLE = Automatic;
				INFOPLIST_FILE = MasterToasterTests/Info.plist;
				LD_RUNPATH_SEARCH_PATHS = (
					"$(inherited)",
					"@executable_path/Frameworks",
					"@loader_path/Frameworks",
				);
				PRODUCT_BUNDLE_IDENTIFIER = "Turby-Turby.MasterToasterTests";
				PRODUCT_NAME = "$(TARGET_NAME)";
				SWIFT_VERSION = 4.2;
				TARGETED_DEVICE_FAMILY = "1,2";
				TEST_HOST = "$(BUILT_PRODUCTS_DIR)/MasterToaster.app/MasterToaster";
			};
			name = Debug;
		};
		B3CBF5FE2213529300B78AB6 /* Release */ = {
			isa = XCBuildConfiguration;
			buildSettings = {
				ALWAYS_EMBED_SWIFT_STANDARD_LIBRARIES = YES;
				BUNDLE_LOADER = "$(TEST_HOST)";
				CODE_SIGN_STYLE = Automatic;
				INFOPLIST_FILE = MasterToasterTests/Info.plist;
				LD_RUNPATH_SEARCH_PATHS = (
					"$(inherited)",
					"@executable_path/Frameworks",
					"@loader_path/Frameworks",
				);
				PRODUCT_BUNDLE_IDENTIFIER = "Turby-Turby.MasterToasterTests";
				PRODUCT_NAME = "$(TARGET_NAME)";
				SWIFT_VERSION = 4.2;
				TARGETED_DEVICE_FAMILY = "1,2";
				TEST_HOST = "$(BUILT_PRODUCTS_DIR)/MasterToaster.app/MasterToaster";
			};
			name = Release;
		};
		B3CBF6002213529300B78AB6 /* Debug */ = {
			isa = XCBuildConfiguration;
			buildSettings = {
				ALWAYS_EMBED_SWIFT_STANDARD_LIBRARIES = YES;
				CODE_SIGN_STYLE = Automatic;
				INFOPLIST_FILE = MasterToasterUITests/Info.plist;
				LD_RUNPATH_SEARCH_PATHS = (
					"$(inherited)",
					"@executable_path/Frameworks",
					"@loader_path/Frameworks",
				);
				PRODUCT_BUNDLE_IDENTIFIER = "Turby-Turby.MasterToasterUITests";
				PRODUCT_NAME = "$(TARGET_NAME)";
				SWIFT_VERSION = 4.2;
				TARGETED_DEVICE_FAMILY = "1,2";
				TEST_TARGET_NAME = MasterToaster;
			};
			name = Debug;
		};
		B3CBF6012213529300B78AB6 /* Release */ = {
			isa = XCBuildConfiguration;
			buildSettings = {
				ALWAYS_EMBED_SWIFT_STANDARD_LIBRARIES = YES;
				CODE_SIGN_STYLE = Automatic;
				INFOPLIST_FILE = MasterToasterUITests/Info.plist;
				LD_RUNPATH_SEARCH_PATHS = (
					"$(inherited)",
					"@executable_path/Frameworks",
					"@loader_path/Frameworks",
				);
				PRODUCT_BUNDLE_IDENTIFIER = "Turby-Turby.MasterToasterUITests";
				PRODUCT_NAME = "$(TARGET_NAME)";
				SWIFT_VERSION = 4.2;
				TARGETED_DEVICE_FAMILY = "1,2";
				TEST_TARGET_NAME = MasterToaster;
			};
			name = Release;
		};
/* End XCBuildConfiguration section */

/* Begin XCConfigurationList section */
		B3CBF5CC2213529200B78AB6 /* Build configuration list for PBXProject "MasterToaster" */ = {
			isa = XCConfigurationList;
			buildConfigurations = (
				B3CBF5F72213529300B78AB6 /* Debug */,
				B3CBF5F82213529300B78AB6 /* Release */,
			);
			defaultConfigurationIsVisible = 0;
			defaultConfigurationName = Release;
		};
		B3CBF5F92213529300B78AB6 /* Build configuration list for PBXNativeTarget "MasterToaster" */ = {
			isa = XCConfigurationList;
			buildConfigurations = (
				B3CBF5FA2213529300B78AB6 /* Debug */,
				B3CBF5FB2213529300B78AB6 /* Release */,
			);
			defaultConfigurationIsVisible = 0;
			defaultConfigurationName = Release;
		};
		B3CBF5FC2213529300B78AB6 /* Build configuration list for PBXNativeTarget "MasterToasterTests" */ = {
			isa = XCConfigurationList;
			buildConfigurations = (
				B3CBF5FD2213529300B78AB6 /* Debug */,
				B3CBF5FE2213529300B78AB6 /* Release */,
			);
			defaultConfigurationIsVisible = 0;
			defaultConfigurationName = Release;
		};
		B3CBF5FF2213529300B78AB6 /* Build configuration list for PBXNativeTarget "MasterToasterUITests" */ = {
			isa = XCConfigurationList;
			buildConfigurations = (
				B3CBF6002213529300B78AB6 /* Debug */,
				B3CBF6012213529300B78AB6 /* Release */,
			);
			defaultConfigurationIsVisible = 0;
			defaultConfigurationName = Release;
		};
/* End XCConfigurationList section */
	};
	rootObject = B3CBF5C92213529200B78AB6 /* Project object */;
}
